<?xml version="1.0" encoding="utf-8"?>
<Project ToolsVersion="4.0" xmlns="http://schemas.microsoft.com/developer/msbuild/2003">
  <ItemGroup>
    <ClCompile Include="..\..\..\..\src\App\main.cpp" />
    <ClCompile Include="..\..\..\..\src\Engine\OS\Android\android_native_app_glue.c" />
  </ItemGroup>
</Project>