<?xml version="1.0" encoding="utf-8"?>
<Project ToolsVersion="4.0" xmlns="http://schemas.microsoft.com/developer/msbuild/2003">
  <ItemGroup>
    <ClCompile Include="..\..\..\..\src\App\main.cpp">
      <Filter>Source Files</Filter>
    </ClCompile>
    <ClCompile Include="..\..\..\..\src\Engine\OS\Android\android_native_app_glue.c">
      <Filter>Source Files</Filter>
    </ClCompile>
    <ClCompile Include="..\..\..\..\src\App\Systems\ModelRenderSystem.cpp">
      <Filter>Source Files\Systems</Filter>
    </ClCompile>
    <ClCompile Include="..\..\..\..\src\App\Components\PositionComponent.cpp">
      <Filter>Source Files\Components</Filter>
    </ClCompile>
    <ClCompile Include="..\..\..\..\src\App\Components\ModelComponent.cpp">
      <Filter>Source Files\Components</Filter>
    </ClCompile>
    <ClCompile Include="..\..\..\..\src\App\Serializer.cpp">
      <Filter>Source Files</Filter>
    </ClCompile>
    <ClCompile Include="..\..\..\..\src\App\AppRenderer.cpp">
      <Filter>Source Files</Filter>
    </ClCompile>
    <ClCompile Include="..\..\..\..\src\App\Systems\SkyboxRenderSystem.cpp">
      <Filter>Source Files\Systems</Filter>
    </ClCompile>
    <ClCompile Include="..\..\..\..\src\App\Components\SkyboxComponent.cpp">
      <Filter>Source Files\Components</Filter>
    </ClCompile>
    <ClCompile Include="..\..\..\..\src\App\ResourceLoader.cpp">
      <Filter>Source Files</Filter>
    </ClCompile>
  </ItemGroup>
  <ItemGroup>
    <Filter Include="Resources">
      <UniqueIdentifier>{e6ba7d84-707d-471c-bccb-fc07bc9b2946}</UniqueIdentifier>
    </Filter>
    <Filter Include="Resources\Shaders">
      <UniqueIdentifier>{b6551c54-d2c8-457f-8768-45e924d93c43}</UniqueIdentifier>
    </Filter>
    <Filter Include="Source Files">
      <UniqueIdentifier>{819d34a5-a3c2-49d8-8ad0-6c134a42a471}</UniqueIdentifier>
    </Filter>
    <Filter Include="Source Files\Systems">
      <UniqueIdentifier>{e0c12bc0-1281-45d3-92bd-424cb476100f}</UniqueIdentifier>
    </Filter>
    <Filter Include="Source Files\Components">
      <UniqueIdentifier>{48d59db9-305c-4043-bb14-c57cccb8270e}</UniqueIdentifier>
    </Filter>
    <Filter Include="Resources\Levels">
      <UniqueIdentifier>{29e7b15e-79b3-4a33-95d2-d51c806dc462}</UniqueIdentifier>
    </Filter>
  </ItemGroup>
  <ItemGroup>
    <None Include="..\..\..\..\src\App\Resources\Shaders\basic.frag">
      <Filter>Resources\Shaders</Filter>
    </None>
    <None Include="..\..\..\..\src\App\Resources\Shaders\basic.vert">
      <Filter>Resources\Shaders</Filter>
    </None>
    <None Include="..\..\..\..\src\App\Resources\Shaders\pbr.vert">
      <Filter>Resources\Shaders</Filter>
    </None>
    <None Include="..\..\..\..\src\App\Resources\Shaders\pbr.frag">
      <Filter>Resources\Shaders</Filter>
    </None>
    <None Include="..\..\..\..\src\App\Resources\Levels\Sample.json">
      <Filter>Resources\Levels</Filter>
    </None>
  </ItemGroup>
  <ItemGroup>
    <ClInclude Include="..\..\..\..\src\App\Systems\ModelRenderSystem.h">
      <Filter>Source Files\Systems</Filter>
    </ClInclude>
    <ClInclude Include="..\..\..\..\src\App\Components\ModelComponent.h">
      <Filter>Source Files\Components</Filter>
    </ClInclude>
    <ClInclude Include="..\..\..\..\src\App\Components\PositionComponent.h">
      <Filter>Source Files\Components</Filter>
    </ClInclude>
    <ClInclude Include="..\..\..\..\src\App\Serializer.h">
      <Filter>Source Files</Filter>
    </ClInclude>
    <ClInclude Include="..\..\..\..\src\App\Systems.h">
      <Filter>Source Files</Filter>
    </ClInclude>
    <ClInclude Include="..\..\..\..\src\App\AppRenderer.h">
      <Filter>Source Files</Filter>
    </ClInclude>
    <ClInclude Include="..\..\..\..\src\App\Systems\SkyboxRenderSystem.h">
      <Filter>Source Files\Systems</Filter>
    </ClInclude>
    <ClInclude Include="..\..\..\..\src\App\Components\SkyboxComponent.h">
      <Filter>Source Files\Components</Filter>
    </ClInclude>
    <ClInclude Include="..\..\..\..\src\App\ResourceLoader.h">
      <Filter>Source Files</Filter>
    </ClInclude>
  </ItemGroup>
</Project>