<?xml version="1.0" encoding="utf-8"?>
<Project ToolsVersion="4.0" xmlns="http://schemas.microsoft.com/developer/msbuild/2003">
  <ItemGroup>
    <Filter Include="Source Files">
      <UniqueIdentifier>{4FC737F1-C7A5-4376-A066-2A32D752A2FF}</UniqueIdentifier>
      <Extensions>cpp;c;cc;cxx;c++;cppm;ixx;def;odl;idl;hpj;bat;asm;asmx</Extensions>
    </Filter>
    <Filter Include="Source Files\OS">
      <UniqueIdentifier>{5fe8d6dd-6271-4288-85b9-7f2431ae8816}</UniqueIdentifier>
    </Filter>
    <Filter Include="Source Files\ECS">
      <UniqueIdentifier>{569cd560-6ab9-4648-9648-bda36ddabbcf}</UniqueIdentifier>
    </Filter>
  </ItemGroup>
  <ItemGroup>
    <ClInclude Include="..\..\src\Engine\OS\FileSystem.h">
      <Filter>Source Files\OS</Filter>
    </ClInclude>
    <ClInclude Include="..\..\src\Engine\IApp.h">
      <Filter>Source Files</Filter>
    </ClInclude>
    <ClInclude Include="..\..\src\Engine\ECS\Component.h">
      <Filter>Source Files\ECS</Filter>
    </ClInclude>
    <ClInclude Include="..\..\src\Engine\ECS\EntityManager.h">
      <Filter>Source Files\ECS</Filter>
    </ClInclude>
  </ItemGroup>
  <ItemGroup>
    <ClCompile Include="..\..\src\Engine\OS\Windows\WindowsMain.cpp">
      <Filter>Source Files</Filter>
    </ClCompile>
    <ClCompile Include="..\..\src\Engine\ECS\Component.cpp">
      <Filter>Source Files\ECS</Filter>
    </ClCompile>
    <ClCompile Include="..\..\src\Engine\ECS\EntityManager.cpp">
      <Filter>Source Files\ECS</Filter>
    </ClCompile>
    <ClCompile Include="..\..\src\Engine\OS\Windows\WindowsFileSystem.cpp">
      <Filter>Source Files\OS</Filter>
    </ClCompile>
  </ItemGroup>
</Project>